
Microsoft Visual Studio Solution File, Format Version 12.00
# Visual Studio Version 17
VisualStudioVersion = 17.5.002.0
MinimumVisualStudioVersion = 10.0.40219.1
Project("{9A19103F-16F7-4668-BE54-9A1E7A4F7556}") = "ProjectName.Tests", "ProjectName.Tests\ProjectName.Tests.csproj", "{2046BD87-6943-4143-B78D-73F34920C77B}"
EndProject
Project("{9A19103F-16F7-4668-BE54-9A1E7A4F7556}") = "ProjectName", "ProjectName\ProjectName.csproj", "{3AF5FFC6-E032-440E-A6B9-D232473364D4}"
EndProject
Global
	GlobalSection(SolutionConfigurationPlatforms) = preSolution
		Debug|Any CPU = Debug|Any CPU
		Release|Any CPU = Release|Any CPU
	EndGlobalSection
	GlobalSection(ProjectConfigurationPlatforms) = postSolution
		{2046BD87-6943-4143-B78D-73F34920C77B}.Debug|Any CPU.ActiveCfg = Debug|Any CPU
		{2046BD87-6943-4143-B78D-73F34920C77B}.Debug|Any CPU.Build.0 = Debug|Any CPU
		{2046BD87-6943-4143-B78D-73F34920C77B}.Release|Any CPU.ActiveCfg = Release|Any CPU
		{2046BD87-6943-4143-B78D-73F34920C77B}.Release|Any CPU.Build.0 = Release|Any CPU
		{3AF5FFC6-E032-440E-A6B9-D232473364D4}.Debug|Any CPU.ActiveCfg = Debug|Any CPU
		{3AF5FFC6-E032-440E-A6B9-D232473364D4}.Debug|Any CPU.Build.0 = Debug|Any CPU
		{3AF5FFC6-E032-440E-A6B9-D232473364D4}.Release|Any CPU.ActiveCfg = Release|Any CPU
		{3AF5FFC6-E032-440E-A6B9-D232473364D4}.Release|Any CPU.Build.0 = Release|Any CPU
	EndGlobalSection
	GlobalSection(SolutionProperties) = preSolution
		HideSolutionNode = FALSE
	EndGlobalSection
	GlobalSection(ExtensibilityGlobals) = postSolution
		SolutionGuid = {FE0C6BD5-5172-436A-8C1A-D52C9A98DEB5}
	EndGlobalSection
EndGlobal
